
Microsoft Visual Studio Solution File, Format Version 12.00
# Visual Studio Version 16
VisualStudioVersion = 16.0.30717.126
MinimumVisualStudioVersion = 10.0.40219.1
Project("{FAE04EC0-301F-11D3-BF4B-00C04F79EFBC}") = "002_Model Properties", "002_Model Properties.csproj", "{E9B95857-9F76-468F-BB80-239C6553887D}"
EndProject
Global
	GlobalSection(SolutionConfigurationPlatforms) = preSolution
		Debug|Any CPU = Debug|Any CPU
		Release|Any CPU = Release|Any CPU
	EndGlobalSection
	GlobalSection(ProjectConfigurationPlatforms) = postSolution
		{E9B95857-9F76-468F-BB80-239C6553887D}.Debug|Any CPU.ActiveCfg = Debug|Any CPU
		{E9B95857-9F76-468F-BB80-239C6553887D}.Debug|Any CPU.Build.0 = Debug|Any CPU
		{E9B95857-9F76-468F-BB80-239C6553887D}.Release|Any CPU.ActiveCfg = Release|Any CPU
		{E9B95857-9F76-468F-BB80-239C6553887D}.Release|Any CPU.Build.0 = Release|Any CPU
	EndGlobalSection
	GlobalSection(SolutionProperties) = preSolution
		HideSolutionNode = FALSE
	EndGlobalSection
	GlobalSection(ExtensibilityGlobals) = postSolution
		SolutionGuid = {B3B6DFC3-B04F-4E24-ADF4-B863C4D57630}
	EndGlobalSection
EndGlobal
