
Microsoft Visual Studio Solution File, Format Version 12.00
# Visual Studio Version 16
VisualStudioVersion = 16.0.30717.126
MinimumVisualStudioVersion = 10.0.40219.1
Project("{FAE04EC0-301F-11D3-BF4B-00C04F79EFBC}") = "007_Property", "007_Property.csproj", "{3965DE82-95F0-4CD0-842F-7BB52F1251E6}"
EndProject
Global
	GlobalSection(SolutionConfigurationPlatforms) = preSolution
		Debug|Any CPU = Debug|Any CPU
		Release|Any CPU = Release|Any CPU
	EndGlobalSection
	GlobalSection(ProjectConfigurationPlatforms) = postSolution
		{3965DE82-95F0-4CD0-842F-7BB52F1251E6}.Debug|Any CPU.ActiveCfg = Debug|Any CPU
		{3965DE82-95F0-4CD0-842F-7BB52F1251E6}.Debug|Any CPU.Build.0 = Debug|Any CPU
		{3965DE82-95F0-4CD0-842F-7BB52F1251E6}.Release|Any CPU.ActiveCfg = Release|Any CPU
		{3965DE82-95F0-4CD0-842F-7BB52F1251E6}.Release|Any CPU.Build.0 = Release|Any CPU
	EndGlobalSection
	GlobalSection(SolutionProperties) = preSolution
		HideSolutionNode = FALSE
	EndGlobalSection
	GlobalSection(ExtensibilityGlobals) = postSolution
		SolutionGuid = {BD3DDA05-145A-4FBB-8489-98ED86B16A1E}
	EndGlobalSection
EndGlobal
